// !$*UTF8*$!
{
	archiveVersion = 1;
	classes = {
	};
	objectVersion = 56;
	objects = {

/* Begin PBXBuildFile section */
		D5E35CA72ACB6D6F00E08DE2 /* AppDelegate.swift in Sources */ = {isa = PBXBuildFile; fileRef = D5E35CA62ACB6D6F00E08DE2 /* AppDelegate.swift */; };
		D5E35CAA2ACB6D6F00E08DE2 /* Main.storyboard in Resources */ = {isa = PBXBuildFile; fileRef = D5E35CA82ACB6D6F00E08DE2 /* Main.storyboard */; };
		D5E35CBB2ACB6D6F00E08DE2 /* YouTubeLight Extension.appex in Embed Foundation Extensions */ = {isa = PBXBuildFile; fileRef = D5E35CBA2ACB6D6F00E08DE2 /* YouTubeLight Extension.appex */; settings = {ATTRIBUTES = (RemoveHeadersOnCopy, ); }; };
		D5E35CC22ACB6D6F00E08DE2 /* Main.html in Resources */ = {isa = PBXBuildFile; fileRef = D5E35C7C2ACB6D6D00E08DE2 /* Main.html */; };
		D5E35CC42ACB6D6F00E08DE2 /* Icon.png in Resources */ = {isa = PBXBuildFile; fileRef = D5E35C7E2ACB6D6D00E08DE2 /* Icon.png */; };
		D5E35CC62ACB6D6F00E08DE2 /* Style.css in Resources */ = {isa = PBXBuildFile; fileRef = D5E35C7F2ACB6D6D00E08DE2 /* Style.css */; };
		D5E35CC82ACB6D6F00E08DE2 /* Script.js in Resources */ = {isa = PBXBuildFile; fileRef = D5E35C802ACB6D6D00E08DE2 /* Script.js */; };
		D5E35CCA2ACB6D6F00E08DE2 /* ViewController.swift in Sources */ = {isa = PBXBuildFile; fileRef = D5E35C812ACB6D6D00E08DE2 /* ViewController.swift */; };
		D5E35CCC2ACB6D6F00E08DE2 /* Assets.xcassets in Resources */ = {isa = PBXBuildFile; fileRef = D5E35C822ACB6D6F00E08DE2 /* Assets.xcassets */; };
		D5E35CCE2ACB6D6F00E08DE2 /* SafariWebExtensionHandler.swift in Sources */ = {isa = PBXBuildFile; fileRef = D5E35C842ACB6D6F00E08DE2 /* SafariWebExtensionHandler.swift */; };
		D5E35CD02ACB6D6F00E08DE2 /* _locales in Resources */ = {isa = PBXBuildFile; fileRef = D5E35C862ACB6D6F00E08DE2 /* _locales */; };
		D5E35CD22ACB6D6F00E08DE2 /* images in Resources */ = {isa = PBXBuildFile; fileRef = D5E35C872ACB6D6F00E08DE2 /* images */; };
		D5E35CD42ACB6D6F00E08DE2 /* manifest.json in Resources */ = {isa = PBXBuildFile; fileRef = D5E35C882ACB6D6F00E08DE2 /* manifest.json */; };
		D5E35CD62ACB6D6F00E08DE2 /* background.js in Resources */ = {isa = PBXBuildFile; fileRef = D5E35C892ACB6D6F00E08DE2 /* background.js */; };
		D5E35CD82ACB6D6F00E08DE2 /* content.js in Resources */ = {isa = PBXBuildFile; fileRef = D5E35C8A2ACB6D6F00E08DE2 /* content.js */; };
		D5E35CDA2ACB6D6F00E08DE2 /* popup.html in Resources */ = {isa = PBXBuildFile; fileRef = D5E35C8B2ACB6D6F00E08DE2 /* popup.html */; };
		D5E35CDC2ACB6D6F00E08DE2 /* popup.css in Resources */ = {isa = PBXBuildFile; fileRef = D5E35C8C2ACB6D6F00E08DE2 /* popup.css */; };
		D5E35CDE2ACB6D6F00E08DE2 /* popup.js in Resources */ = {isa = PBXBuildFile; fileRef = D5E35C8D2ACB6D6F00E08DE2 /* popup.js */; };
/* End PBXBuildFile section */

/* Begin PBXContainerItemProxy section */
		D5E35CBC2ACB6D6F00E08DE2 /* PBXContainerItemProxy */ = {
			isa = PBXContainerItemProxy;
			containerPortal = D5E35C762ACB6D6D00E08DE2 /* Project object */;
			proxyType = 1;
			remoteGlobalIDString = D5E35CB92ACB6D6F00E08DE2;
			remoteInfo = "YouTubeLight Extension (macOS)";
		};
/* End PBXContainerItemProxy section */

/* Begin PBXCopyFilesBuildPhase section */
		D5E35CEB2ACB6D6F00E08DE2 /* Embed Foundation Extensions */ = {
			isa = PBXCopyFilesBuildPhase;
			buildActionMask = 2147483647;
			dstPath = "";
			dstSubfolderSpec = 13;
			files = (
				D5E35CBB2ACB6D6F00E08DE2 /* YouTubeLight Extension.appex in Embed Foundation Extensions */,
			);
			name = "Embed Foundation Extensions";
			runOnlyForDeploymentPostprocessing = 0;
		};
/* End PBXCopyFilesBuildPhase section */

/* Begin PBXFileReference section */
		D5E35C7D2ACB6D6D00E08DE2 /* Base */ = {isa = PBXFileReference; lastKnownFileType = text.html; name = Base; path = ../Base.lproj/Main.html; sourceTree = "<group>"; };
		D5E35C7E2ACB6D6D00E08DE2 /* Icon.png */ = {isa = PBXFileReference; lastKnownFileType = image.png; path = Icon.png; sourceTree = "<group>"; };
		D5E35C7F2ACB6D6D00E08DE2 /* Style.css */ = {isa = PBXFileReference; lastKnownFileType = text.css; path = Style.css; sourceTree = "<group>"; };
		D5E35C802ACB6D6D00E08DE2 /* Script.js */ = {isa = PBXFileReference; lastKnownFileType = sourcecode.javascript; path = Script.js; sourceTree = "<group>"; };
		D5E35C812ACB6D6D00E08DE2 /* ViewController.swift */ = {isa = PBXFileReference; lastKnownFileType = sourcecode.swift; path = ViewController.swift; sourceTree = "<group>"; };
		D5E35C822ACB6D6F00E08DE2 /* Assets.xcassets */ = {isa = PBXFileReference; lastKnownFileType = folder.assetcatalog; path = Assets.xcassets; sourceTree = "<group>"; };
		D5E35C842ACB6D6F00E08DE2 /* SafariWebExtensionHandler.swift */ = {isa = PBXFileReference; lastKnownFileType = sourcecode.swift; path = SafariWebExtensionHandler.swift; sourceTree = "<group>"; };
		D5E35C862ACB6D6F00E08DE2 /* _locales */ = {isa = PBXFileReference; lastKnownFileType = folder; path = _locales; sourceTree = "<group>"; };
		D5E35C872ACB6D6F00E08DE2 /* images */ = {isa = PBXFileReference; lastKnownFileType = folder; path = images; sourceTree = "<group>"; };
		D5E35C882ACB6D6F00E08DE2 /* manifest.json */ = {isa = PBXFileReference; lastKnownFileType = text.json; path = manifest.json; sourceTree = "<group>"; };
		D5E35C892ACB6D6F00E08DE2 /* background.js */ = {isa = PBXFileReference; lastKnownFileType = sourcecode.javascript; path = background.js; sourceTree = "<group>"; };
		D5E35C8A2ACB6D6F00E08DE2 /* content.js */ = {isa = PBXFileReference; lastKnownFileType = sourcecode.javascript; path = content.js; sourceTree = "<group>"; };
		D5E35C8B2ACB6D6F00E08DE2 /* popup.html */ = {isa = PBXFileReference; lastKnownFileType = text.html; path = popup.html; sourceTree = "<group>"; };
		D5E35C8C2ACB6D6F00E08DE2 /* popup.css */ = {isa = PBXFileReference; lastKnownFileType = text.css; path = popup.css; sourceTree = "<group>"; };
		D5E35C8D2ACB6D6F00E08DE2 /* popup.js */ = {isa = PBXFileReference; lastKnownFileType = sourcecode.javascript; path = popup.js; sourceTree = "<group>"; };
		D5E35CA42ACB6D6F00E08DE2 /* YouTubeLight.app */ = {isa = PBXFileReference; explicitFileType = wrapper.application; includeInIndex = 0; path = YouTubeLight.app; sourceTree = BUILT_PRODUCTS_DIR; };
		D5E35CA62ACB6D6F00E08DE2 /* AppDelegate.swift */ = {isa = PBXFileReference; lastKnownFileType = sourcecode.swift; path = AppDelegate.swift; sourceTree = "<group>"; };
		D5E35CA92ACB6D6F00E08DE2 /* Base */ = {isa = PBXFileReference; lastKnownFileType = file.storyboard; name = Base; path = Base.lproj/Main.storyboard; sourceTree = "<group>"; };
		D5E35CAB2ACB6D6F00E08DE2 /* YouTubeLight.entitlements */ = {isa = PBXFileReference; lastKnownFileType = text.plist.entitlements; path = YouTubeLight.entitlements; sourceTree = "<group>"; };
		D5E35CBA2ACB6D6F00E08DE2 /* YouTubeLight Extension.appex */ = {isa = PBXFileReference; explicitFileType = "wrapper.app-extension"; includeInIndex = 0; path = "YouTubeLight Extension.appex"; sourceTree = BUILT_PRODUCTS_DIR; };
		D5E35CBF2ACB6D6F00E08DE2 /* Info.plist */ = {isa = PBXFileReference; lastKnownFileType = text.plist.xml; path = Info.plist; sourceTree = "<group>"; };
		D5E35CC02ACB6D6F00E08DE2 /* YouTubeLight.entitlements */ = {isa = PBXFileReference; lastKnownFileType = text.plist.entitlements; path = YouTubeLight.entitlements; sourceTree = "<group>"; };
/* End PBXFileReference section */

/* Begin PBXFrameworksBuildPhase section */
		D5E35CA12ACB6D6F00E08DE2 /* Frameworks */ = {
			isa = PBXFrameworksBuildPhase;
			buildActionMask = 2147483647;
			files = (
			);
			runOnlyForDeploymentPostprocessing = 0;
		};
		D5E35CB72ACB6D6F00E08DE2 /* Frameworks */ = {
			isa = PBXFrameworksBuildPhase;
			buildActionMask = 2147483647;
			files = (
			);
			runOnlyForDeploymentPostprocessing = 0;
		};
/* End PBXFrameworksBuildPhase section */

/* Begin PBXGroup section */
		D5E35C752ACB6D6D00E08DE2 = {
			isa = PBXGroup;
			children = (
				D5E35C7A2ACB6D6D00E08DE2 /* Shared (App) */,
				D5E35C832ACB6D6F00E08DE2 /* Shared (Extension) */,
				D5E35CA52ACB6D6F00E08DE2 /* macOS (App) */,
				D5E35CBE2ACB6D6F00E08DE2 /* macOS (Extension) */,
				D5E35C932ACB6D6F00E08DE2 /* Products */,
			);
			sourceTree = "<group>";
		};
		D5E35C7A2ACB6D6D00E08DE2 /* Shared (App) */ = {
			isa = PBXGroup;
			children = (
				D5E35C812ACB6D6D00E08DE2 /* ViewController.swift */,
				D5E35C822ACB6D6F00E08DE2 /* Assets.xcassets */,
				D5E35C7B2ACB6D6D00E08DE2 /* Resources */,
			);
			path = "Shared (App)";
			sourceTree = "<group>";
		};
		D5E35C7B2ACB6D6D00E08DE2 /* Resources */ = {
			isa = PBXGroup;
			children = (
				D5E35C7C2ACB6D6D00E08DE2 /* Main.html */,
				D5E35C7E2ACB6D6D00E08DE2 /* Icon.png */,
				D5E35C7F2ACB6D6D00E08DE2 /* Style.css */,
				D5E35C802ACB6D6D00E08DE2 /* Script.js */,
			);
			path = Resources;
			sourceTree = "<group>";
		};
		D5E35C832ACB6D6F00E08DE2 /* Shared (Extension) */ = {
			isa = PBXGroup;
			children = (
				D5E35C842ACB6D6F00E08DE2 /* SafariWebExtensionHandler.swift */,
				D5E35C852ACB6D6F00E08DE2 /* Resources */,
			);
			path = "Shared (Extension)";
			sourceTree = "<group>";
		};
		D5E35C852ACB6D6F00E08DE2 /* Resources */ = {
			isa = PBXGroup;
			children = (
				D5E35C862ACB6D6F00E08DE2 /* _locales */,
				D5E35C872ACB6D6F00E08DE2 /* images */,
				D5E35C882ACB6D6F00E08DE2 /* manifest.json */,
				D5E35C892ACB6D6F00E08DE2 /* background.js */,
				D5E35C8A2ACB6D6F00E08DE2 /* content.js */,
				D5E35C8B2ACB6D6F00E08DE2 /* popup.html */,
				D5E35C8C2ACB6D6F00E08DE2 /* popup.css */,
				D5E35C8D2ACB6D6F00E08DE2 /* popup.js */,
			);
			path = Resources;
			sourceTree = "<group>";
		};
		D5E35C932ACB6D6F00E08DE2 /* Products */ = {
			isa = PBXGroup;
			children = (
				D5E35CA42ACB6D6F00E08DE2 /* YouTubeLight.app */,
				D5E35CBA2ACB6D6F00E08DE2 /* YouTubeLight Extension.appex */,
			);
			name = Products;
			sourceTree = "<group>";
		};
		D5E35CA52ACB6D6F00E08DE2 /* macOS (App) */ = {
			isa = PBXGroup;
			children = (
				D5E35CA62ACB6D6F00E08DE2 /* AppDelegate.swift */,
				D5E35CA82ACB6D6F00E08DE2 /* Main.storyboard */,
				D5E35CAB2ACB6D6F00E08DE2 /* YouTubeLight.entitlements */,
			);
			path = "macOS (App)";
			sourceTree = "<group>";
		};
		D5E35CBE2ACB6D6F00E08DE2 /* macOS (Extension) */ = {
			isa = PBXGroup;
			children = (
				D5E35CBF2ACB6D6F00E08DE2 /* Info.plist */,
				D5E35CC02ACB6D6F00E08DE2 /* YouTubeLight.entitlements */,
			);
			path = "macOS (Extension)";
			sourceTree = "<group>";
		};
/* End PBXGroup section */

/* Begin PBXNativeTarget section */
		D5E35CA32ACB6D6F00E08DE2 /* YouTubeLight (macOS) */ = {
			isa = PBXNativeTarget;
			buildConfigurationList = D5E35CEC2ACB6D6F00E08DE2 /* Build configuration list for PBXNativeTarget "YouTubeLight (macOS)" */;
			buildPhases = (
				D5E35CA02ACB6D6F00E08DE2 /* Sources */,
				D5E35CA12ACB6D6F00E08DE2 /* Frameworks */,
				D5E35CA22ACB6D6F00E08DE2 /* Resources */,
				D5E35CEB2ACB6D6F00E08DE2 /* Embed Foundation Extensions */,
			);
			buildRules = (
			);
			dependencies = (
				D5E35CBD2ACB6D6F00E08DE2 /* PBXTargetDependency */,
			);
			name = "YouTubeLight (macOS)";
			productName = "YouTubeLight (macOS)";
			productReference = D5E35CA42ACB6D6F00E08DE2 /* YouTubeLight.app */;
			productType = "com.apple.product-type.application";
		};
		D5E35CB92ACB6D6F00E08DE2 /* YouTubeLight Extension (macOS) */ = {
			isa = PBXNativeTarget;
			buildConfigurationList = D5E35CE82ACB6D6F00E08DE2 /* Build configuration list for PBXNativeTarget "YouTubeLight Extension (macOS)" */;
			buildPhases = (
				D5E35CB62ACB6D6F00E08DE2 /* Sources */,
				D5E35CB72ACB6D6F00E08DE2 /* Frameworks */,
				D5E35CB82ACB6D6F00E08DE2 /* Resources */,
			);
			buildRules = (
			);
			dependencies = (
			);
			name = "YouTubeLight Extension (macOS)";
			productName = "YouTubeLight Extension (macOS)";
			productReference = D5E35CBA2ACB6D6F00E08DE2 /* YouTubeLight Extension.appex */;
			productType = "com.apple.product-type.app-extension";
		};
/* End PBXNativeTarget section */

/* Begin PBXProject section */
		D5E35C762ACB6D6D00E08DE2 /* Project object */ = {
			isa = PBXProject;
			attributes = {
				BuildIndependentTargetsInParallel = 1;
				LastSwiftUpdateCheck = 1430;
				LastUpgradeCheck = 1430;
				TargetAttributes = {
					D5E35CA32ACB6D6F00E08DE2 = {
						CreatedOnToolsVersion = 14.3.1;
					};
					D5E35CB92ACB6D6F00E08DE2 = {
						CreatedOnToolsVersion = 14.3.1;
					};
				};
			};
			buildConfigurationList = D5E35C792ACB6D6D00E08DE2 /* Build configuration list for PBXProject "YouTubeLight" */;
			compatibilityVersion = "Xcode 14.0";
			developmentRegion = en;
			hasScannedForEncodings = 0;
			knownRegions = (
				en,
				Base,
			);
			mainGroup = D5E35C752ACB6D6D00E08DE2;
			productRefGroup = D5E35C932ACB6D6F00E08DE2 /* Products */;
			projectDirPath = "";
			projectRoot = "";
			targets = (
				D5E35CA32ACB6D6F00E08DE2 /* YouTubeLight (macOS) */,
				D5E35CB92ACB6D6F00E08DE2 /* YouTubeLight Extension (macOS) */,
			);
		};
/* End PBXProject section */

/* Begin PBXResourcesBuildPhase section */
		D5E35CA22ACB6D6F00E08DE2 /* Resources */ = {
			isa = PBXResourcesBuildPhase;
			buildActionMask = 2147483647;
			files = (
				D5E35CC42ACB6D6F00E08DE2 /* Icon.png in Resources */,
				D5E35CC62ACB6D6F00E08DE2 /* Style.css in Resources */,
				D5E35CAA2ACB6D6F00E08DE2 /* Main.storyboard in Resources */,
				D5E35CC82ACB6D6F00E08DE2 /* Script.js in Resources */,
				D5E35CCC2ACB6D6F00E08DE2 /* Assets.xcassets in Resources */,
				D5E35CC22ACB6D6F00E08DE2 /* Main.html in Resources */,
			);
			runOnlyForDeploymentPostprocessing = 0;
		};
		D5E35CB82ACB6D6F00E08DE2 /* Resources */ = {
			isa = PBXResourcesBuildPhase;
			buildActionMask = 2147483647;
			files = (
				D5E35CD62ACB6D6F00E08DE2 /* background.js in Resources */,
				D5E35CDC2ACB6D6F00E08DE2 /* popup.css in Resources */,
				D5E35CDA2ACB6D6F00E08DE2 /* popup.html in Resources */,
				D5E35CD22ACB6D6F00E08DE2 /* images in Resources */,
				D5E35CD42ACB6D6F00E08DE2 /* manifest.json in Resources */,
				D5E35CD02ACB6D6F00E08DE2 /* _locales in Resources */,
				D5E35CD82ACB6D6F00E08DE2 /* content.js in Resources */,
				D5E35CDE2ACB6D6F00E08DE2 /* popup.js in Resources */,
			);
			runOnlyForDeploymentPostprocessing = 0;
		};
/* End PBXResourcesBuildPhase section */

/* Begin PBXSourcesBuildPhase section */
		D5E35CA02ACB6D6F00E08DE2 /* Sources */ = {
			isa = PBXSourcesBuildPhase;
			buildActionMask = 2147483647;
			files = (
				D5E35CCA2ACB6D6F00E08DE2 /* ViewController.swift in Sources */,
				D5E35CA72ACB6D6F00E08DE2 /* AppDelegate.swift in Sources */,
			);
			runOnlyForDeploymentPostprocessing = 0;
		};
		D5E35CB62ACB6D6F00E08DE2 /* Sources */ = {
			isa = PBXSourcesBuildPhase;
			buildActionMask = 2147483647;
			files = (
				D5E35CCE2ACB6D6F00E08DE2 /* SafariWebExtensionHandler.swift in Sources */,
			);
			runOnlyForDeploymentPostprocessing = 0;
		};
/* End PBXSourcesBuildPhase section */

/* Begin PBXTargetDependency section */
		D5E35CBD2ACB6D6F00E08DE2 /* PBXTargetDependency */ = {
			isa = PBXTargetDependency;
			target = D5E35CB92ACB6D6F00E08DE2 /* YouTubeLight Extension (macOS) */;
			targetProxy = D5E35CBC2ACB6D6F00E08DE2 /* PBXContainerItemProxy */;
		};
/* End PBXTargetDependency section */

/* Begin PBXVariantGroup section */
		D5E35C7C2ACB6D6D00E08DE2 /* Main.html */ = {
			isa = PBXVariantGroup;
			children = (
				D5E35C7D2ACB6D6D00E08DE2 /* Base */,
			);
			name = Main.html;
			sourceTree = "<group>";
		};
		D5E35CA82ACB6D6F00E08DE2 /* Main.storyboard */ = {
			isa = PBXVariantGroup;
			children = (
				D5E35CA92ACB6D6F00E08DE2 /* Base */,
			);
			name = Main.storyboard;
			sourceTree = "<group>";
		};
/* End PBXVariantGroup section */

/* Begin XCBuildConfiguration section */
		D5E35CDF2ACB6D6F00E08DE2 /* Debug */ = {
			isa = XCBuildConfiguration;
			buildSettings = {
				ALWAYS_SEARCH_USER_PATHS = NO;
				CLANG_ANALYZER_NONNULL = YES;
				CLANG_ANALYZER_NUMBER_OBJECT_CONVERSION = YES_AGGRESSIVE;
				CLANG_CXX_LANGUAGE_STANDARD = "gnu++20";
				CLANG_ENABLE_MODULES = YES;
				CLANG_ENABLE_OBJC_ARC = YES;
				CLANG_ENABLE_OBJC_WEAK = YES;
				CLANG_WARN_BLOCK_CAPTURE_AUTORELEASING = YES;
				CLANG_WARN_BOOL_CONVERSION = YES;
				CLANG_WARN_COMMA = YES;
				CLANG_WARN_CONSTANT_CONVERSION = YES;
				CLANG_WARN_DEPRECATED_OBJC_IMPLEMENTATIONS = YES;
				CLANG_WARN_DIRECT_OBJC_ISA_USAGE = YES_ERROR;
				CLANG_WARN_DOCUMENTATION_COMMENTS = YES;
				CLANG_WARN_EMPTY_BODY = YES;
				CLANG_WARN_ENUM_CONVERSION = YES;
				CLANG_WARN_INFINITE_RECURSION = YES;
				CLANG_WARN_INT_CONVERSION = YES;
				CLANG_WARN_NON_LITERAL_NULL_CONVERSION = YES;
				CLANG_WARN_OBJC_IMPLICIT_RETAIN_SELF = YES;
				CLANG_WARN_OBJC_LITERAL_CONVERSION = YES;
				CLANG_WARN_OBJC_ROOT_CLASS = YES_ERROR;
				CLANG_WARN_QUOTED_INCLUDE_IN_FRAMEWORK_HEADER = YES;
				CLANG_WARN_RANGE_LOOP_ANALYSIS = YES;
				CLANG_WARN_STRICT_PROTOTYPES = YES;
				CLANG_WARN_SUSPICIOUS_MOVE = YES;
				CLANG_WARN_UNGUARDED_AVAILABILITY = YES_AGGRESSIVE;
				CLANG_WARN_UNREACHABLE_CODE = YES;
				CLANG_WARN__DUPLICATE_METHOD_MATCH = YES;
				COPY_PHASE_STRIP = NO;
				DEBUG_INFORMATION_FORMAT = dwarf;
				ENABLE_STRICT_OBJC_MSGSEND = YES;
				ENABLE_TESTABILITY = YES;
				GCC_C_LANGUAGE_STANDARD = gnu11;
				GCC_DYNAMIC_NO_PIC = NO;
				GCC_NO_COMMON_BLOCKS = YES;
				GCC_OPTIMIZATION_LEVEL = 0;
				GCC_PREPROCESSOR_DEFINITIONS = (
					"DEBUG=1",
					"$(inherited)",
				);
				GCC_WARN_64_TO_32_BIT_CONVERSION = YES;
				GCC_WARN_ABOUT_RETURN_TYPE = YES_ERROR;
				GCC_WARN_UNDECLARED_SELECTOR = YES;
				GCC_WARN_UNINITIALIZED_AUTOS = YES_AGGRESSIVE;
				GCC_WARN_UNUSED_FUNCTION = YES;
				GCC_WARN_UNUSED_VARIABLE = YES;
				MTL_ENABLE_DEBUG_INFO = INCLUDE_SOURCE;
				MTL_FAST_MATH = YES;
				ONLY_ACTIVE_ARCH = YES;
				SWIFT_ACTIVE_COMPILATION_CONDITIONS = DEBUG;
				SWIFT_OPTIMIZATION_LEVEL = "-Onone";
			};
			name = Debug;
		};
		D5E35CE02ACB6D6F00E08DE2 /* Release */ = {
			isa = XCBuildConfiguration;
			buildSettings = {
				ALWAYS_SEARCH_USER_PATHS = NO;
				CLANG_ANALYZER_NONNULL = YES;
				CLANG_ANALYZER_NUMBER_OBJECT_CONVERSION = YES_AGGRESSIVE;
				CLANG_CXX_LANGUAGE_STANDARD = "gnu++20";
				CLANG_ENABLE_MODULES = YES;
				CLANG_ENABLE_OBJC_ARC = YES;
				CLANG_ENABLE_OBJC_WEAK = YES;
				CLANG_WARN_BLOCK_CAPTURE_AUTORELEASING = YES;
				CLANG_WARN_BOOL_CONVERSION = YES;
				CLANG_WARN_COMMA = YES;
				CLANG_WARN_CONSTANT_CONVERSION = YES;
				CLANG_WARN_DEPRECATED_OBJC_IMPLEMENTATIONS = YES;
				CLANG_WARN_DIRECT_OBJC_ISA_USAGE = YES_ERROR;
				CLANG_WARN_DOCUMENTATION_COMMENTS = YES;
				CLANG_WARN_EMPTY_BODY = YES;
				CLANG_WARN_ENUM_CONVERSION = YES;
				CLANG_WARN_INFINITE_RECURSION = YES;
				CLANG_WARN_INT_CONVERSION = YES;
				CLANG_WARN_NON_LITERAL_NULL_CONVERSION = YES;
				CLANG_WARN_OBJC_IMPLICIT_RETAIN_SELF = YES;
				CLANG_WARN_OBJC_LITERAL_CONVERSION = YES;
				CLANG_WARN_OBJC_ROOT_CLASS = YES_ERROR;
				CLANG_WARN_QUOTED_INCLUDE_IN_FRAMEWORK_HEADER = YES;
				CLANG_WARN_RANGE_LOOP_ANALYSIS = YES;
				CLANG_WARN_STRICT_PROTOTYPES = YES;
				CLANG_WARN_SUSPICIOUS_MOVE = YES;
				CLANG_WARN_UNGUARDED_AVAILABILITY = YES_AGGRESSIVE;
				CLANG_WARN_UNREACHABLE_CODE = YES;
				CLANG_WARN__DUPLICATE_METHOD_MATCH = YES;
				COPY_PHASE_STRIP = NO;
				DEBUG_INFORMATION_FORMAT = "dwarf-with-dsym";
				ENABLE_NS_ASSERTIONS = NO;
				ENABLE_STRICT_OBJC_MSGSEND = YES;
				GCC_C_LANGUAGE_STANDARD = gnu11;
				GCC_NO_COMMON_BLOCKS = YES;
				GCC_WARN_64_TO_32_BIT_CONVERSION = YES;
				GCC_WARN_ABOUT_RETURN_TYPE = YES_ERROR;
				GCC_WARN_UNDECLARED_SELECTOR = YES;
				GCC_WARN_UNINITIALIZED_AUTOS = YES_AGGRESSIVE;
				GCC_WARN_UNUSED_FUNCTION = YES;
				GCC_WARN_UNUSED_VARIABLE = YES;
				MTL_ENABLE_DEBUG_INFO = NO;
				MTL_FAST_MATH = YES;
				SWIFT_COMPILATION_MODE = wholemodule;
				SWIFT_OPTIMIZATION_LEVEL = "-O";
			};
			name = Release;
		};
		D5E35CE92ACB6D6F00E08DE2 /* Debug */ = {
			isa = XCBuildConfiguration;
			buildSettings = {
				CODE_SIGN_ENTITLEMENTS = "macOS (Extension)/YouTubeLight.entitlements";
				CODE_SIGN_STYLE = Automatic;
				CURRENT_PROJECT_VERSION = 1;
				DEVELOPMENT_TEAM = D5PF55MQZK;
				ENABLE_HARDENED_RUNTIME = YES;
				GENERATE_INFOPLIST_FILE = YES;
				INFOPLIST_FILE = "macOS (Extension)/Info.plist";
				INFOPLIST_KEY_CFBundleDisplayName = "YouTubeLight Extension";
				INFOPLIST_KEY_NSHumanReadableCopyright = "";
				LD_RUNPATH_SEARCH_PATHS = (
					"$(inherited)",
					"@executable_path/../Frameworks",
					"@executable_path/../../../../Frameworks",
				);
				MACOSX_DEPLOYMENT_TARGET = 10.14;
				MARKETING_VERSION = 1.2;
				OTHER_LDFLAGS = (
					"-framework",
					SafariServices,
				);
				PRODUCT_BUNDLE_IDENTIFIER = edmstudio.YouTubeLight.Extension;
				PRODUCT_NAME = "YouTubeLight Extension";
				SDKROOT = macosx;
				SKIP_INSTALL = YES;
				SWIFT_EMIT_LOC_STRINGS = YES;
				SWIFT_VERSION = 5.0;
			};
			name = Debug;
		};
		D5E35CEA2ACB6D6F00E08DE2 /* Release */ = {
			isa = XCBuildConfiguration;
			buildSettings = {
				CODE_SIGN_ENTITLEMENTS = "macOS (Extension)/YouTubeLight.entitlements";
				CODE_SIGN_STYLE = Automatic;
				CURRENT_PROJECT_VERSION = 1;
				DEVELOPMENT_TEAM = D5PF55MQZK;
				ENABLE_HARDENED_RUNTIME = YES;
				GENERATE_INFOPLIST_FILE = YES;
				INFOPLIST_FILE = "macOS (Extension)/Info.plist";
				INFOPLIST_KEY_CFBundleDisplayName = "YouTubeLight Extension";
				INFOPLIST_KEY_NSHumanReadableCopyright = "";
				LD_RUNPATH_SEARCH_PATHS = (
					"$(inherited)",
					"@executable_path/../Frameworks",
					"@executable_path/../../../../Frameworks",
				);
				MACOSX_DEPLOYMENT_TARGET = 10.14;
				MARKETING_VERSION = 1.2;
				OTHER_LDFLAGS = (
					"-framework",
					SafariServices,
				);
				PRODUCT_BUNDLE_IDENTIFIER = edmstudio.YouTubeLight.Extension;
				PRODUCT_NAME = "YouTubeLight Extension";
				SDKROOT = macosx;
				SKIP_INSTALL = YES;
				SWIFT_EMIT_LOC_STRINGS = YES;
				SWIFT_VERSION = 5.0;
			};
			name = Release;
		};
		D5E35CED2ACB6D6F00E08DE2 /* Debug */ = {
			isa = XCBuildConfiguration;
			buildSettings = {
				ALWAYS_EMBED_SWIFT_STANDARD_LIBRARIES = YES;
				ASSETCATALOG_COMPILER_APPICON_NAME = AppIcon;
				ASSETCATALOG_COMPILER_GLOBAL_ACCENT_COLOR_NAME = AccentColor;
				CODE_SIGN_ENTITLEMENTS = "macOS (App)/YouTubeLight.entitlements";
				CODE_SIGN_STYLE = Automatic;
				CURRENT_PROJECT_VERSION = 1;
				DEVELOPMENT_TEAM = D5PF55MQZK;
				ENABLE_HARDENED_RUNTIME = YES;
				GENERATE_INFOPLIST_FILE = YES;
				INFOPLIST_KEY_CFBundleDisplayName = YouTubeLight;
				INFOPLIST_KEY_NSMainStoryboardFile = Main;
				INFOPLIST_KEY_NSPrincipalClass = NSApplication;
				LD_RUNPATH_SEARCH_PATHS = (
					"$(inherited)",
					"@executable_path/../Frameworks",
				);
				MACOSX_DEPLOYMENT_TARGET = 10.14;
				MARKETING_VERSION = 1.2;
				OTHER_LDFLAGS = (
					"-framework",
					SafariServices,
					"-framework",
					WebKit,
				);
				PRODUCT_BUNDLE_IDENTIFIER = edmstudio.YouTubeLight;
				PRODUCT_NAME = YouTubeLight;
				SDKROOT = macosx;
				SWIFT_EMIT_LOC_STRINGS = YES;
				SWIFT_VERSION = 5.0;
			};
			name = Debug;
		};
		D5E35CEE2ACB6D6F00E08DE2 /* Release */ = {
			isa = XCBuildConfiguration;
			buildSettings = {
				ALWAYS_EMBED_SWIFT_STANDARD_LIBRARIES = YES;
				ASSETCATALOG_COMPILER_APPICON_NAME = AppIcon;
				ASSETCATALOG_COMPILER_GLOBAL_ACCENT_COLOR_NAME = AccentColor;
				CODE_SIGN_ENTITLEMENTS = "macOS (App)/YouTubeLight.entitlements";
				CODE_SIGN_STYLE = Automatic;
				CURRENT_PROJECT_VERSION = 1;
				DEVELOPMENT_TEAM = D5PF55MQZK;
				ENABLE_HARDENED_RUNTIME = YES;
				GENERATE_INFOPLIST_FILE = YES;
				INFOPLIST_KEY_CFBundleDisplayName = YouTubeLight;
				INFOPLIST_KEY_NSMainStoryboardFile = Main;
				INFOPLIST_KEY_NSPrincipalClass = NSApplication;
				LD_RUNPATH_SEARCH_PATHS = (
					"$(inherited)",
					"@executable_path/../Frameworks",
				);
				MACOSX_DEPLOYMENT_TARGET = 10.14;
				MARKETING_VERSION = 1.2;
				OTHER_LDFLAGS = (
					"-framework",
					SafariServices,
					"-framework",
					WebKit,
				);
				PRODUCT_BUNDLE_IDENTIFIER = edmstudio.YouTubeLight;
				PRODUCT_NAME = YouTubeLight;
				SDKROOT = macosx;
				SWIFT_EMIT_LOC_STRINGS = YES;
				SWIFT_VERSION = 5.0;
			};
			name = Release;
		};
/* End XCBuildConfiguration section */

/* Begin XCConfigurationList section */
		D5E35C792ACB6D6D00E08DE2 /* Build configuration list for PBXProject "YouTubeLight" */ = {
			isa = XCConfigurationList;
			buildConfigurations = (
				D5E35CDF2ACB6D6F00E08DE2 /* Debug */,
				D5E35CE02ACB6D6F00E08DE2 /* Release */,
			);
			defaultConfigurationIsVisible = 0;
			defaultConfigurationName = Release;
		};
		D5E35CE82ACB6D6F00E08DE2 /* Build configuration list for PBXNativeTarget "YouTubeLight Extension (macOS)" */ = {
			isa = XCConfigurationList;
			buildConfigurations = (
				D5E35CE92ACB6D6F00E08DE2 /* Debug */,
				D5E35CEA2ACB6D6F00E08DE2 /* Release */,
			);
			defaultConfigurationIsVisible = 0;
			defaultConfigurationName = Release;
		};
		D5E35CEC2ACB6D6F00E08DE2 /* Build configuration list for PBXNativeTarget "YouTubeLight (macOS)" */ = {
			isa = XCConfigurationList;
			buildConfigurations = (
				D5E35CED2ACB6D6F00E08DE2 /* Debug */,
				D5E35CEE2ACB6D6F00E08DE2 /* Release */,
			);
			defaultConfigurationIsVisible = 0;
			defaultConfigurationName = Release;
		};
/* End XCConfigurationList section */
	};
	rootObject = D5E35C762ACB6D6D00E08DE2 /* Project object */;
}
